
Microsoft Visual Studio Solution File, Format Version 12.00
# Visual Studio 15
Project("{FAE04EC0-301F-11D3-BF4B-00C04F79EFBC}") = "Testing", "Testing\Testing.csproj", "{50DDCDB0-4F74-422C-A5A3-6F467384F9FF}"
EndProject
Global
	GlobalSection(SolutionConfigurationPlatforms) = preSolution
		Debug|Any CPU = Debug|Any CPU
	EndGlobalSection
	GlobalSection(ProjectConfigurationPlatforms) = postSolution
		{50DDCDB0-4F74-422C-A5A3-6F467384F9FF}.Debug|Any CPU.ActiveCfg = Debug|Any CPU
		{50DDCDB0-4F74-422C-A5A3-6F467384F9FF}.Debug|Any CPU.Build.0 = Debug|Any CPU
	EndGlobalSection
EndGlobal
